
Microsoft Visual Studio Solution File, Format Version 12.00
# Visual Studio Version 17
VisualStudioVersion = 17.3.32811.315
MinimumVisualStudioVersion = 10.0.40219.1
Project("{FAE04EC0-301F-11D3-BF4B-00C04F79EFBC}") = "WindowsFormsApp1", "WindowsFormsApp1\WindowsFormsApp1.csproj", "{B52F3A2C-C58F-46E3-B45A-54450ECAFBDE}"
EndProject
Global
	GlobalSection(SolutionConfigurationPlatforms) = preSolution
		Debug|Any CPU = Debug|Any CPU
		Release|Any CPU = Release|Any CPU
	EndGlobalSection
	GlobalSection(ProjectConfigurationPlatforms) = postSolution
		{B52F3A2C-C58F-46E3-B45A-54450ECAFBDE}.Debug|Any CPU.ActiveCfg = Debug|Any CPU
		{B52F3A2C-C58F-46E3-B45A-54450ECAFBDE}.Debug|Any CPU.Build.0 = Debug|Any CPU
		{B52F3A2C-C58F-46E3-B45A-54450ECAFBDE}.Release|Any CPU.ActiveCfg = Release|Any CPU
		{B52F3A2C-C58F-46E3-B45A-54450ECAFBDE}.Release|Any CPU.Build.0 = Release|Any CPU
	EndGlobalSection
	GlobalSection(SolutionProperties) = preSolution
		HideSolutionNode = FALSE
	EndGlobalSection
	GlobalSection(ExtensibilityGlobals) = postSolution
		SolutionGuid = {56D05C5D-7643-418D-92E8-B56DCFC9940B}
	EndGlobalSection
EndGlobal
